
Microsoft Visual Studio Solution File, Format Version 12.00
# Visual Studio Version 16
VisualStudioVersion = 16.0.31205.134
MinimumVisualStudioVersion = 10.0.40219.1
Project("{FAE04EC0-301F-11D3-BF4B-00C04F79EFBC}") = "AI_Robot", "AI_Robot.csproj", "{8BC3DA48-FE4B-4BDB-8CD5-1996E0A92BA6}"
EndProject
Global
	GlobalSection(SolutionConfigurationPlatforms) = preSolution
		Debug|Any CPU = Debug|Any CPU
		Release|Any CPU = Release|Any CPU
	EndGlobalSection
	GlobalSection(ProjectConfigurationPlatforms) = postSolution
		{8BC3DA48-FE4B-4BDB-8CD5-1996E0A92BA6}.Debug|Any CPU.ActiveCfg = Debug|Any CPU
		{8BC3DA48-FE4B-4BDB-8CD5-1996E0A92BA6}.Debug|Any CPU.Build.0 = Debug|Any CPU
		{8BC3DA48-FE4B-4BDB-8CD5-1996E0A92BA6}.Release|Any CPU.ActiveCfg = Release|Any CPU
		{8BC3DA48-FE4B-4BDB-8CD5-1996E0A92BA6}.Release|Any CPU.Build.0 = Release|Any CPU
	EndGlobalSection
	GlobalSection(SolutionProperties) = preSolution
		HideSolutionNode = FALSE
	EndGlobalSection
	GlobalSection(ExtensibilityGlobals) = postSolution
		SolutionGuid = {F77C3644-4A77-4F63-8363-AB6D01AD7740}
	EndGlobalSection
EndGlobal
